
Microsoft Visual Studio Solution File, Format Version 12.00
# Visual Studio Version 17
VisualStudioVersion = 17.5.33627.172
MinimumVisualStudioVersion = 10.0.40219.1
Project("{FAE04EC0-301F-11D3-BF4B-00C04F79EFBC}") = "MVCPrueba", "MVCPrueba\MVCPrueba.csproj", "{0A5B6207-E095-4BCE-901E-42D32F0B3AB1}"
EndProject
Global
	GlobalSection(SolutionConfigurationPlatforms) = preSolution
		Debug|Any CPU = Debug|Any CPU
		Release|Any CPU = Release|Any CPU
	EndGlobalSection
	GlobalSection(ProjectConfigurationPlatforms) = postSolution
		{0A5B6207-E095-4BCE-901E-42D32F0B3AB1}.Debug|Any CPU.ActiveCfg = Debug|Any CPU
		{0A5B6207-E095-4BCE-901E-42D32F0B3AB1}.Debug|Any CPU.Build.0 = Debug|Any CPU
		{0A5B6207-E095-4BCE-901E-42D32F0B3AB1}.Release|Any CPU.ActiveCfg = Release|Any CPU
		{0A5B6207-E095-4BCE-901E-42D32F0B3AB1}.Release|Any CPU.Build.0 = Release|Any CPU
	EndGlobalSection
	GlobalSection(SolutionProperties) = preSolution
		HideSolutionNode = FALSE
	EndGlobalSection
	GlobalSection(ExtensibilityGlobals) = postSolution
		SolutionGuid = {216C4307-D25D-4E26-BC45-DC86C361C836}
	EndGlobalSection
EndGlobal
